<?xml version="1.0" encoding="utf-8"?>
<Project ToolsVersion="4.0" xmlns="http://schemas.microsoft.com/developer/msbuild/2003">
  <ItemGroup>
    <Filter Include="SourceCode">
      <UniqueIdentifier>{6c3a1704-d271-4713-8c0b-d1cc19c9ee4c}</UniqueIdentifier>
    </Filter>
    <Filter Include="SourceCode\Utility">
      <UniqueIdentifier>{a665be5c-9e73-4596-a7a0-fe82d505e958}</UniqueIdentifier>
    </Filter>
    <Filter Include="SourceCode\Common">
      <UniqueIdentifier>{ef499cd8-e00a-485e-a287-8287a4622609}</UniqueIdentifier>
    </Filter>
    <Filter Include="SourceCode\Common\DirectX">
      <UniqueIdentifier>{753443ff-3eb7-442d-a7f2-78d44a7ff197}</UniqueIdentifier>
    </Filter>
    <Filter Include="SourceCode\Utility\String">
      <UniqueIdentifier>{8a0b8d90-e801-4d33-9edb-f24568eee546}</UniqueIdentifier>
    </Filter>
    <Filter Include="SourceCode\Utility\Random">
      <UniqueIdentifier>{ef17e26e-b694-4188-9120-8ed1cffc945d}</UniqueIdentifier>
    </Filter>
    <Filter Include="SourceCode\Utility\OneTirrger">
      <UniqueIdentifier>{c56297a8-88ea-4466-b249-560a08a9a180}</UniqueIdentifier>
    </Filter>
    <Filter Include="SourceCode\Utility\Math">
      <UniqueIdentifier>{b0c885c4-9ad5-43d3-b627-efda5193f81b}</UniqueIdentifier>
    </Filter>
    <Filter Include="SourceCode\Utility\Hash">
      <UniqueIdentifier>{6e16e845-1c68-47c8-99da-2fe29c4195f8}</UniqueIdentifier>
    </Filter>
    <Filter Include="SourceCode\Utility\FontWrite">
      <UniqueIdentifier>{515bff8d-f38e-4101-abfd-85ac1b4cdf39}</UniqueIdentifier>
    </Filter>
    <Filter Include="SourceCode\Utility\Fade">
      <UniqueIdentifier>{9707ffd5-0148-4cee-be8b-de14d2a786a3}</UniqueIdentifier>
    </Filter>
    <Filter Include="SourceCode\Utility\Editer">
      <UniqueIdentifier>{ce32ddd7-8764-42d0-a075-3cbb9a4c494b}</UniqueIdentifier>
    </Filter>
    <Filter Include="SourceCode\Utility\Assert">
      <UniqueIdentifier>{470f2cbb-985c-4cd6-a1a5-305d7d56db0e}</UniqueIdentifier>
    </Filter>
    <Filter Include="SourceCode\Utility\Editer\ObjectEditer">
      <UniqueIdentifier>{affee195-0d41-415d-84f6-2721e1b5f6c7}</UniqueIdentifier>
    </Filter>
    <Filter Include="SourceCode\Utility\Editer\UIEditer">
      <UniqueIdentifier>{56699a29-5428-4672-a8cf-f8afd103ec30}</UniqueIdentifier>
    </Filter>
    <Filter Include="SourceCode\Utility\Hash\hashTable">
      <UniqueIdentifier>{645d6b6a-7374-4a66-b1b6-347da769dac9}</UniqueIdentifier>
    </Filter>
    <Filter Include="SourceCode\Common\Main">
      <UniqueIdentifier>{45a9b206-7f97-4304-ab0e-2eb8a0d1a531}</UniqueIdentifier>
    </Filter>
    <Filter Include="Shader">
      <UniqueIdentifier>{6d1e14d3-11b0-4bee-99ff-bb3667eb787f}</UniqueIdentifier>
    </Filter>
  </ItemGroup>
  <ItemGroup>
    <ClInclude Include="SourceCode\Global.h">
      <Filter>SourceCode\Common</Filter>
    </ClInclude>
    <ClInclude Include="SourceCode\stdafx.h">
      <Filter>SourceCode\Common</Filter>
    </ClInclude>
    <ClInclude Include="SourceCode\99_Utility\String\String.h">
      <Filter>SourceCode\Utility\String</Filter>
    </ClInclude>
    <ClInclude Include="SourceCode\99_Utility\Math\Math.h">
      <Filter>SourceCode\Utility\Math</Filter>
    </ClInclude>
    <ClInclude Include="SourceCode\99_Utility\SingleTrigger\SingleTrigger.h">
      <Filter>SourceCode\Utility\OneTirrger</Filter>
    </ClInclude>
    <ClInclude Include="SourceCode\99_Utility\String\FilePath\FilePath.h" />
    <ClInclude Include="SourceCode\99_Utility\ComPtr\ComPtr.h" />
    <ClInclude Include="SourceCode\10_Ggraphic\DirectX\DirectX12.h" />
    <ClInclude Include="SourceCode\10_Ggraphic\PMD\PMDActor.h" />
    <ClInclude Include="SourceCode\10_Ggraphic\PMD\PMDRenderer.h" />
    <ClInclude Include="SourceCode\10_Ggraphic\PMX\PMXActor.h" />
    <ClInclude Include="SourceCode\10_Ggraphic\PMX\PMXRenderer.h" />
    <ClInclude Include="SourceCode\10_Ggraphic\PMX\PMXStructHeader.h" />
    <ClInclude Include="SourceCode\Utility\Debug\Timer\DebugTimer.h" />
    <ClInclude Include="SourceCode\99_Utility\CustomSTL\pair\Pair.h" />
    <ClInclude Include="SourceCode\99_System\GameLoop\Main.h" />
    <ClInclude Include="SourceCode\99_Utility\Buffer\Any.h" />
    <ClInclude Include="SourceCode\99_Utility\Buffer\Buffer.h" />
    <ClInclude Include="SourceCode\99_Utility\Singleton\SingletonTemplate.h" />
    <ClInclude Include="SourceCode\99_System\GameLoop\Time\Time.h" />
    <ClInclude Include="SourceCode\20_Resource\ResourceManager\MeshManager\MeshManager.h" />
    <ClInclude Include="SourceCode\99_Utility\Math\Easing\Easing.h" />
    <ClInclude Include="SourceCode\99_Utility\Math\Random\Random.h" />
    <ClInclude Include="SourceCode\99_Utility\Transform\Transform.h" />
    <ClInclude Include="SourceCode\10_Ggraphic\PMX\VMD\VMDLoader.h" />
    <ClInclude Include="SourceCode\10_Ggraphic\PMX\VMD\VMDStructHeader.h" />
    <ClInclude Include="SourceCode\99_Utility\DirectXMath\DirectXMathExpansion.h" />
    <ClInclude Include="SourceCode\10_Ggraphic\Model\ModelData.h" />
    <ClInclude Include="SourceCode\10_Ggraphic\Model\IModelParser.h" />
    <ClInclude Include="SourceCode\10_Ggraphic\Model\PMXParser.h" />
    <ClInclude Include="SourceCode\10_Ggraphic\Model\PMDParser.h" />
    <ClInclude Include="SourceCode\00_Game\31_Camera\00_Base\CameraBase.h" />
    <ClInclude Include="SourceCode\00_Game\31_Camera\10_First\FirstPersonCamera.h" />
    <ClInclude Include="SourceCode\00_Game\31_Camera\20_LookAt\LookAtCamera.h" />
    <ClInclude Include="SourceCode\00_Game\31_Camera\30_Debug\DebugCamera.h" />
    <ClInclude Include="SourceCode\00_Game\31_Camera\40_Third\ThirdPersonCamera.h" />
    <ClInclude Include="SourceCode\00_Game\31_Camera\99_Manager\CameraManager.h" />
    <ClInclude Include="SourceCode\99_Utility\ServiceLocator\ServiceLocator.h" />
    <ClInclude Include="SourceCode\99_Utility\Diagnostics\MemoryLeakDetector.h" />
    <ClInclude Include="SourceCode\99_Utility\Diagnostics\CrashDumpHandler.h" />
    <ClInclude Include="SourceCode\99_Utility\HashedString\HashedString.h" />
    <ClInclude Include="SourceCode\00_Game\02_Input\XInput\XInput.h" />
    <ClInclude Include="SourceCode\00_Game\02_Input\KeyInput\KeyInput.h" />
    <ClInclude Include="SourceCode\00_Game\02_Input\Mouse\Mouse.h" />
    <ClInclude Include="SourceCode\00_Game\02_Input\Input.h" />
    <ClInclude Include="SourceCode\00_Game\02_Input\VirtualPad.h" />
    <ClInclude Include="SourceCode\99_Utility\Debug\Imgui\ImGuiManager.h" />
    <ClInclude Include="Data\Library\ImGui\imgui.h" />
    <ClInclude Include="Data\Library\ImGui\imgui_internal.h" />
    <ClInclude Include="Data\Library\ImGui\imstb_rectpack.h" />
    <ClInclude Include="Data\Library\ImGui\imstb_textedit.h" />
    <ClInclude Include="Data\Library\ImGui\imstb_truetype.h" />
    <ClInclude Include="Data\Library\ImGui\imconfig.h" />
    <ClInclude Include="Data\Library\ImGui\imgui_impl_win32.h" />
    <ClInclude Include="Data\Library\ImGui\imgui_impl_dx12.h" />
  </ItemGroup>
  <ItemGroup>
    <ClCompile Include="SourceCode\stdafx.cpp">
      <Filter>SourceCode\Common</Filter>
    </ClCompile>
    <ClCompile Include="SourceCode\99_Utility\String\String.cpp">
      <Filter>SourceCode\Utility\String</Filter>
    </ClCompile>
    <ClCompile Include="SourceCode\99_Utility\String\FilePath\FilePath.inl" />
    <ClCompile Include="SourceCode\10_Ggraphic\DirectX\DirectX12.cpp" />
    <ClCompile Include="SourceCode\10_Ggraphic\PMD\PMDActor.cpp" />
    <ClCompile Include="SourceCode\10_Ggraphic\PMD\PMDRenderer.cpp" />
    <ClCompile Include="SourceCode\10_Ggraphic\PMX\PMXActor.cpp" />
    <ClCompile Include="SourceCode\10_Ggraphic\PMX\PMXRenderer.cpp" />
    <ClCompile Include="SourceCode\10_Ggraphic\Model\PMXParser.cpp" />
    <ClCompile Include="SourceCode\10_Ggraphic\Model\PMDParser.cpp" />
    <ClCompile Include="SourceCode\99_System\GameLoop\Main.cpp" />
    <ClCompile Include="SourceCode\99_System\GameLoop\WinMain.cpp" />
    <ClCompile Include="SourceCode\99_Utility\Buffer\Buffer.cpp" />
    <ClCompile Include="SourceCode\99_System\GameLoop\Time\Time.cpp" />
    <ClCompile Include="SourceCode\20_Resource\ResourceManager\MeshManager\MeshManager.cpp" />
    <ClCompile Include="SourceCode\10_Ggraphic\PMX\VMD\VMDLoader.cpp" />
    <ClCompile Include="SourceCode\00_Game\31_Camera\00_Base\CameraBase.cpp" />
    <ClCompile Include="SourceCode\00_Game\31_Camera\10_First\FirstPersonCamera.cpp" />
    <ClCompile Include="SourceCode\00_Game\31_Camera\20_LookAt\LookAtCamera.cpp" />
    <ClCompile Include="SourceCode\00_Game\31_Camera\30_Debug\DebugCamera.cpp" />
    <ClCompile Include="SourceCode\00_Game\31_Camera\40_Third\ThirdPersonCamera.cpp" />
    <ClCompile Include="SourceCode\00_Game\31_Camera\99_Manager\CameraManager.cpp" />
    <ClCompile Include="SourceCode\99_Utility\Diagnostics\MemoryLeakDetector.cpp" />
    <ClCompile Include="SourceCode\99_Utility\Diagnostics\CrashDumpHandler.cpp" />
    <ClCompile Include="SourceCode\00_Game\02_Input\XInput\XInput.cpp" />
    <ClCompile Include="SourceCode\00_Game\02_Input\KeyInput\KeyInput.cpp" />
    <ClCompile Include="SourceCode\00_Game\02_Input\Mouse\Mouse.cpp" />
    <ClCompile Include="SourceCode\00_Game\02_Input\Input.cpp" />
    <ClCompile Include="SourceCode\00_Game\02_Input\VirtualPad.cpp" />
    <ClCompile Include="SourceCode\99_Utility\Debug\Imgui\ImGuiManager.cpp" />
    <ClCompile Include="Data\Library\ImGui\imgui.cpp" />
    <ClCompile Include="Data\Library\ImGui\imgui_draw.cpp" />
    <ClCompile Include="Data\Library\ImGui\imgui_widgets.cpp" />
    <ClCompile Include="Data\Library\ImGui\imgui_tables.cpp" />
    <ClCompile Include="Data\Library\ImGui\imgui_demo.cpp" />
    <ClCompile Include="Data\Library\ImGui\imgui_impl_win32.cpp" />
    <ClCompile Include="Data\Library\ImGui\imgui_impl_dx12.cpp" />
  </ItemGroup>
  <ItemGroup>
    <None Include="SourceCode\99_Utility\Math\Math.inl">
      <Filter>SourceCode\Utility\Math</Filter>
    </None>
    <None Include="SourceCode\99_Utility\Assert\Assert.inl">
      <Filter>SourceCode\Utility\Assert</Filter>
    </None>
    <None Include="Data\Shader\BasicShaderHeader.hlsli" />
    <None Include="SourceCode\99_Utility\Math\Easing\Easing.inl" />
    <None Include="SourceCode\10_Ggraphic\Shader\BasicShaderHeader.hlsli" />
    <None Include="Directory.Build.targets" />
    <None Include="Directory.Build.props" />
  </ItemGroup>
</Project>