<?xml version="1.0" encoding="utf-8"?>
<Project ToolsVersion="4.0" xmlns="http://schemas.microsoft.com/developer/msbuild/2003">
  <ItemGroup>
    <Filter Include="SourceCode">
      <UniqueIdentifier>{6c3a1704-d271-4713-8c0b-d1cc19c9ee4c}</UniqueIdentifier>
    </Filter>
    <Filter Include="SourceCode\Utility">
      <UniqueIdentifier>{a665be5c-9e73-4596-a7a0-fe82d505e958}</UniqueIdentifier>
    </Filter>
    <Filter Include="SourceCode\Common">
      <UniqueIdentifier>{ef499cd8-e00a-485e-a287-8287a4622609}</UniqueIdentifier>
    </Filter>
    <Filter Include="SourceCode\Common\DirectX">
      <UniqueIdentifier>{753443ff-3eb7-442d-a7f2-78d44a7ff197}</UniqueIdentifier>
    </Filter>
    <Filter Include="SourceCode\Utility\String">
      <UniqueIdentifier>{8a0b8d90-e801-4d33-9edb-f24568eee546}</UniqueIdentifier>
    </Filter>
    <Filter Include="SourceCode\Utility\Random">
      <UniqueIdentifier>{ef17e26e-b694-4188-9120-8ed1cffc945d}</UniqueIdentifier>
    </Filter>
    <Filter Include="SourceCode\Utility\OneTirrger">
      <UniqueIdentifier>{c56297a8-88ea-4466-b249-560a08a9a180}</UniqueIdentifier>
    </Filter>
    <Filter Include="SourceCode\Utility\Math">
      <UniqueIdentifier>{b0c885c4-9ad5-43d3-b627-efda5193f81b}</UniqueIdentifier>
    </Filter>
    <Filter Include="SourceCode\Utility\Hash">
      <UniqueIdentifier>{6e16e845-1c68-47c8-99da-2fe29c4195f8}</UniqueIdentifier>
    </Filter>
    <Filter Include="SourceCode\Utility\FontWrite">
      <UniqueIdentifier>{515bff8d-f38e-4101-abfd-85ac1b4cdf39}</UniqueIdentifier>
    </Filter>
    <Filter Include="SourceCode\Utility\Fade">
      <UniqueIdentifier>{9707ffd5-0148-4cee-be8b-de14d2a786a3}</UniqueIdentifier>
    </Filter>
    <Filter Include="SourceCode\Utility\Editer">
      <UniqueIdentifier>{ce32ddd7-8764-42d0-a075-3cbb9a4c494b}</UniqueIdentifier>
    </Filter>
    <Filter Include="SourceCode\Utility\Assert">
      <UniqueIdentifier>{470f2cbb-985c-4cd6-a1a5-305d7d56db0e}</UniqueIdentifier>
    </Filter>
    <Filter Include="SourceCode\Utility\Editer\ObjectEditer">
      <UniqueIdentifier>{affee195-0d41-415d-84f6-2721e1b5f6c7}</UniqueIdentifier>
    </Filter>
    <Filter Include="SourceCode\Utility\Editer\UIEditer">
      <UniqueIdentifier>{56699a29-5428-4672-a8cf-f8afd103ec30}</UniqueIdentifier>
    </Filter>
    <Filter Include="SourceCode\Utility\Hash\hashTable">
      <UniqueIdentifier>{645d6b6a-7374-4a66-b1b6-347da769dac9}</UniqueIdentifier>
    </Filter>
    <Filter Include="SourceCode\Common\Main">
      <UniqueIdentifier>{45a9b206-7f97-4304-ab0e-2eb8a0d1a531}</UniqueIdentifier>
    </Filter>
    <Filter Include="Shader">
      <UniqueIdentifier>{6d1e14d3-11b0-4bee-99ff-bb3667eb787f}</UniqueIdentifier>
    </Filter>
    <Filter Include="SourceCode\99_Utility\Debug">
      <UniqueIdentifier>{9c3f8e0d-6a4e-4c3b-9a69-0e5e7a18b6e1}</UniqueIdentifier>
    </Filter>
    <Filter Include="SourceCode\99_Utility\Debug\Imgui">
      <UniqueIdentifier>{ba4a1a37-1db4-4a95-bf7f-5d36d4be7a0c}</UniqueIdentifier>
    </Filter>
    <Filter Include="SourceCode\99_Utility\Debug\Log">
      <UniqueIdentifier>{f0b12cc9-0a6a-4ea9-b7a7-0a9a5b6e2d41}</UniqueIdentifier>
    </Filter>
  </ItemGroup>
  <ItemGroup>
    <ClInclude Include="SourceCode\99_Utility\Debug\DebugKey\KeyDebbuger.h" />
    <ClInclude Include="SourceCode\10_Ggraphic\20_Render\Particle\ParticleSystem.h" />
    <ClInclude Include="SourceCode\99_Utility\Asset\AssetManager.h" />
    <ClInclude Include="SourceCode\99_Utility\Debug\Imgui\CombatDebugHud.h" />
    <ClInclude Include="SourceCode\00_Game\00_Scene\SceneManager.h" />
    <ClInclude Include="SourceCode\Global.h">
      <Filter>SourceCode\Common</Filter>
    </ClInclude>
    <ClInclude Include="SourceCode\stdafx.h">
      <Filter>SourceCode\Common</Filter>
    </ClInclude>
    <ClInclude Include="SourceCode\99_Utility\String\String.h">
      <Filter>SourceCode\Utility\String</Filter>
    </ClInclude>
    <ClInclude Include="SourceCode\99_Utility\Math\Math.h">
      <Filter>SourceCode\Utility\Math</Filter>
    </ClInclude>
    <ClInclude Include="SourceCode\99_Utility\SingleTrigger\SingleTrigger.h">
      <Filter>SourceCode\Utility\OneTirrger</Filter>
    </ClInclude>
    <ClInclude Include="SourceCode\99_Utility\String\FilePath\FilePath.h" />
    <ClInclude Include="SourceCode\99_Utility\ComPtr\ComPtr.h" />
    <ClInclude Include="SourceCode\99_Utility\FileManager\FileManager.h" />
    <ClInclude Include="SourceCode\99_Utility\Sound\SoundManager.h" />
    <ClInclude Include="SourceCode\99_Utility\Serialization\ISerializable.h" />
    <ClInclude Include="SourceCode\99_Utility\Serialization\SaveLoadManager.h" />
    <ClInclude Include="SourceCode\99_Utility\Debug\Imgui\EditorFramework\EditorCommandStack.h" />
    <ClInclude Include="SourceCode\99_Utility\Debug\Imgui\EditorFramework\IEditorCommand.h" />
    <ClInclude Include="Data\Library\json\json.hpp" />
    <ClInclude Include="SourceCode\10_Ggraphic\10_Device\DirectX\DirectX12.h" />
    <ClInclude Include="SourceCode\10_Ggraphic\90_Legacy\PMD\PMDActor.h" />
    <ClInclude Include="SourceCode\10_Ggraphic\90_Legacy\PMD\PMDRenderer.h" />
    <ClInclude Include="SourceCode\10_Ggraphic\90_Legacy\PMX\PMXActor.h" />
    <ClInclude Include="SourceCode\10_Ggraphic\90_Legacy\PMX\PMXMesh.h" />
    <ClInclude Include="SourceCode\10_Ggraphic\90_Legacy\PMX\AnimationClipTable.h" />
    <ClInclude Include="SourceCode\10_Ggraphic\30_Asset\RuntimeModel\MMdl\MmdlRenderer.h" />
    <ClInclude Include="SourceCode\10_Ggraphic\30_Asset\RuntimeModel\Mstc\MstcRenderer.h" />
    <ClInclude Include="SourceCode\10_Ggraphic\30_Asset\RuntimeModel\Mstc\MstcActor.h" />
    <ClInclude Include="SourceCode\10_Ggraphic\30_Asset\RuntimeModel\Mstc\MstcMesh.h" />
    <ClInclude Include="SourceCode\10_Ggraphic\90_Legacy\PMX\PMXRenderer.h" />
    <ClInclude Include="SourceCode\10_Ggraphic\20_Render\Debug\DebugGrid.h" />
    <ClInclude Include="SourceCode\10_Ggraphic\20_Render\Debug\DebugColliderRenderer.h" />
    <ClInclude Include="SourceCode\10_Ggraphic\20_Render\Light\DirectionLight.h" />
    <ClInclude Include="SourceCode\10_Ggraphic\20_Render\Rewind\FrameRewind.h" />
    <ClInclude Include="SourceCode\10_Ggraphic\20_Render\Sprite\SpriteRenderer.h" />
    <ClInclude Include="SourceCode\10_Ggraphic\20_Render\PostProcess\PostProcessPipeline.h" />
    <ClInclude Include="SourceCode\10_Ggraphic\90_Legacy\PMX\PMXStructHeader.h" />
    <ClInclude Include="SourceCode\Utility\Debug\Timer\DebugTimer.h" />
    <ClInclude Include="SourceCode\99_Utility\CustomSTL\pair\Pair.h" />
    <ClInclude Include="SourceCode\00_Game\00_GameLoop\Main.h" />
    <ClInclude Include="SourceCode\99_Utility\Buffer\Any.h" />
    <ClInclude Include="SourceCode\99_Utility\Buffer\Buffer.h" />
    <ClInclude Include="SourceCode\99_Utility\Singleton\SingletonTemplate.h" />
    <ClInclude Include="SourceCode\00_Game\00_GameLoop\Time\Time.h" />
    <ClInclude Include="SourceCode\20_Resource\ResourceManager\MeshManager\MeshManager.h" />
    <ClInclude Include="SourceCode\99_Utility\Math\Easing\Easing.h" />
    <ClInclude Include="SourceCode\99_Utility\Math\Random\Random.h" />
    <ClInclude Include="SourceCode\99_Utility\Transform\Transform.h" />
    <ClInclude Include="SourceCode\10_Ggraphic\90_Legacy\PMX\VMD\VMDLoader.h" />
    <ClInclude Include="SourceCode\10_Ggraphic\90_Legacy\PMX\VMD\VMDStructHeader.h" />
    <ClInclude Include="SourceCode\10_Ggraphic\90_Legacy\X\XActor.h" />
    <ClInclude Include="SourceCode\10_Ggraphic\90_Legacy\X\XMesh.h" />
    <ClInclude Include="SourceCode\10_Ggraphic\90_Legacy\X\XSkeletonData.h" />
    <ClInclude Include="SourceCode\10_Ggraphic\30_Asset\RuntimeModel\MMdl\MMdlActor.h" />
	<ClInclude Include="SourceCode\10_Ggraphic\30_Asset\RuntimeModel\MMdl\MMdlMesh.h" />
	<ClInclude Include="SourceCode\10_Ggraphic\30_Asset\RuntimeModel\MMdl\MMdlResource.h" />
    <ClInclude Include="SourceCode\10_Ggraphic\30_Asset\RuntimeModel\MMdl\MMdlSkeletonData.h" />
    <ClInclude Include="SourceCode\99_Utility\DirectXMath\DirectXMathExpansion.h" />
    <ClInclude Include="SourceCode\10_Ggraphic\30_Asset\Parser\ModelData.h" />
	<ClInclude Include="SourceCode\10_Ggraphic\30_Asset\Parser\IMesh.h" />
    <ClInclude Include="SourceCode\10_Ggraphic\30_Asset\Parser\IModelParser.h" />
    <ClInclude Include="SourceCode\10_Ggraphic\30_Asset\Parser\PMXParser.h" />
    <ClInclude Include="SourceCode\10_Ggraphic\30_Asset\Parser\PMDParser.h" />
    <ClInclude Include="SourceCode\10_Ggraphic\30_Asset\Parser\XParser.h" />
    <ClInclude Include="SourceCode\10_Ggraphic\30_Asset\RuntimeFormat\RuntimeFormat.h" />
    <ClInclude Include="SourceCode\10_Ggraphic\30_Asset\RuntimeFormat\RuntimeFormatIO.h" />
    <ClInclude Include="SourceCode\10_Ggraphic\30_Asset\RuntimeFormat\RuntimeConverter.h" />
    <ClInclude Include="SourceCode\00_Game\30_Camera\00_Base\CameraBase.h" />
    <ClInclude Include="SourceCode\00_Game\30_Camera\10_First\FirstPersonCamera.h" />
    <ClInclude Include="SourceCode\00_Game\30_Camera\20_LookAt\LookAtCamera.h" />
    <ClInclude Include="SourceCode\00_Game\30_Camera\30_Debug\DebugCamera.h" />
    <ClInclude Include="SourceCode\00_Game\30_Camera\40_Third\ThirdPersonCamera.h" />
    <ClInclude Include="SourceCode\00_Game\30_Camera\50_Keyframe\KeyframeCamera.h" />
    <ClInclude Include="SourceCode\00_Game\30_Camera\60_LockOn\LockOnCamera.h" />
    <ClInclude Include="SourceCode\00_Game\30_Camera\99_Manager\CameraManager.h" />
    <ClInclude Include="SourceCode\99_Utility\ServiceLocator\ServiceLocator.h" />
    <ClInclude Include="SourceCode\99_Utility\Diagnostics\MemoryLeakDetector.h" />
    <ClInclude Include="SourceCode\99_Utility\Diagnostics\CrashDumpHandler.h" />
    <ClInclude Include="SourceCode\99_Utility\HashedString\HashedString.h" />
    <ClInclude Include="SourceCode\00_Game\50_Input\XInput\XInput.h" />
    <ClInclude Include="SourceCode\00_Game\50_Input\KeyInput\KeyInput.h" />
    <ClInclude Include="SourceCode\00_Game\50_Input\Mouse\Mouse.h" />
    <ClInclude Include="SourceCode\00_Game\50_Input\Input.h" />
    <ClInclude Include="SourceCode\00_Game\50_Input\VirtualPad.h" />
    <ClInclude Include="SourceCode\99_Utility\Debug\Imgui\ImGuiManager.h" />
    <ClInclude Include="SourceCode\99_Utility\Debug\Imgui\DebugDockSpace.h">
      <Filter>SourceCode\99_Utility\Debug\Imgui</Filter>
    </ClInclude>
    <ClInclude Include="SourceCode\99_Utility\Debug\Imgui\DebugHud.h" />
    <ClInclude Include="SourceCode\99_Utility\Profiling\Profiler.h">
      <Filter>SourceCode\99_Utility</Filter>
    </ClInclude>
    <ClInclude Include="SourceCode\99_Utility\ObjectPool\ObjectPool.h">
      <Filter>SourceCode\99_Utility</Filter>
    </ClInclude>
    <ClInclude Include="SourceCode\99_Utility\Event\EventBus.h">
      <Filter>SourceCode\99_Utility</Filter>
    </ClInclude>
    <ClInclude Include="SourceCode\99_Utility\Data\DataTable.h">
      <Filter>SourceCode\99_Utility</Filter>
    </ClInclude>
    <ClInclude Include="SourceCode\99_Utility\Debug\Imgui\DebugConsole.h">
      <Filter>SourceCode\99_Utility\Debug\Imgui</Filter>
    </ClInclude>
    <ClInclude Include="SourceCode\99_Utility\Debug\Imgui\SceneView.h">
      <Filter>SourceCode\99_Utility\Debug\Imgui</Filter>
    </ClInclude>
    <ClInclude Include="SourceCode\99_Utility\Debug\Log\DebugLog.h">
      <Filter>SourceCode\99_Utility\Debug\Log</Filter>
    </ClInclude>
    <ClInclude Include="SourceCode\99_Utility\Debug\Imgui\ActionTimelineEditor.h">
      <Filter>SourceCode\99_Utility\Debug\Imgui</Filter>
    </ClInclude>
    <ClInclude Include="SourceCode\99_Utility\Debug\Imgui\AnimationEditor.h" />
    <ClInclude Include="SourceCode\99_Utility\Debug\Imgui\ModelPreviewPanel.h" />
    <ClInclude Include="SourceCode\00_Game\00_Scene\00_Base\SceneManager.h" />
    <ClInclude Include="SourceCode\00_Game\00_Scene\00_Base\SceneBase.h" />
    <ClInclude Include="SourceCode\00_Game\00_Scene\10_Main\MainScene.h" />
    <ClInclude Include="SourceCode\00_Game\00_Scene\Ex_Test\AnimationTuning\AnimationTuningScene.h" />
    <ClInclude Include="SourceCode\00_Game\10_Object\00_Base\GameObject.h" />
    <ClInclude Include="SourceCode\00_Game\10_Object\10_MeshObject\MeshObject.h" />
    <ClInclude Include="SourceCode\99_Utility\HealthSystem\IHealthSystem.h" />
    <ClInclude Include="SourceCode\99_Utility\StateMachine\StateBase.h" />
    <ClInclude Include="SourceCode\99_Utility\StateMachine\StateMachine.h" />
    <ClInclude Include="SourceCode\99_Utility\BehaviorTree\NodeStatus.h" />
    <ClInclude Include="SourceCode\99_Utility\BehaviorTree\NodeBase.h" />
    <ClInclude Include="SourceCode\99_Utility\BehaviorTree\CompositeNodeBase.h" />
    <ClInclude Include="SourceCode\99_Utility\BehaviorTree\SelectorNode.h" />
    <ClInclude Include="SourceCode\99_Utility\BehaviorTree\SequenceNode.h" />
    <ClInclude Include="SourceCode\99_Utility\BehaviorTree\ActionNode.h" />
    <ClInclude Include="SourceCode\99_Utility\BehaviorTree\DecoratorNode.h" />
    <ClInclude Include="SourceCode\99_Utility\BehaviorTree\RootNode.h" />
    <ClInclude Include="SourceCode\99_Utility\BehaviorTree\BTDemoEnemy.h" />
    <ClInclude Include="SourceCode\99_Utility\BehaviorTree\BTEditorModel.h" />
    <ClInclude Include="SourceCode\99_Utility\HealthSystem\HealthSystem.h" />
    <ClInclude Include="SourceCode\00_Game\40_Collision\00_Core\CollisionInfo.h" />
    <ClInclude Include="SourceCode\00_Game\40_Collision\00_Core\HitEvent.h" />
    <ClInclude Include="SourceCode\00_Game\40_Collision\00_Core\ColliderBase.h" />
    <ClInclude Include="SourceCode\00_Game\40_Collision\00_Core\CollisionMath.h" />
    <ClInclude Include="SourceCode\00_Game\40_Collision\00_Box\BoxCollider.h" />
    <ClInclude Include="SourceCode\00_Game\40_Collision\00_Capsule\CapsuleCollider.h" />
    <ClInclude Include="SourceCode\00_Game\40_Collision\10_Sphere\SphereCollider.h" />
    <ClInclude Include="SourceCode\00_Game\40_Collision\CollisionDetector.h" />
    <ClInclude Include="SourceCode\00_Game\10_Object\10_MeshObject\00_Character\Character.h" />
    <ClInclude Include="SourceCode\00_Game\10_Object\10_MeshObject\00_Character\CharacterAccessKeys.h" />
    <ClInclude Include="SourceCode\00_Game\10_Object\10_MeshObject\00_Character\00_Player\Player.h" />
    <ClInclude Include="SourceCode\00_Game\10_Object\10_MeshObject\00_Character\00_Player\PlayerAccessKeys.h" />
    <ClInclude Include="SourceCode\00_Game\10_Object\10_MeshObject\00_Character\00_Player\State\PlayerStateID.h" />
    <ClInclude Include="SourceCode\00_Game\10_Object\10_MeshObject\00_Character\00_Player\State\PlayerStateBase.h" />
    <ClInclude Include="SourceCode\00_Game\10_Object\10_MeshObject\00_Character\00_Player\State\00_Idle\Idle.h" />
    <ClInclude Include="SourceCode\00_Game\10_Object\10_MeshObject\00_Character\00_Player\State\10_Run\Run.h" />
    <ClInclude Include="SourceCode\00_Game\10_Object\10_MeshObject\00_Character\00_Player\State\20_Combat\Combat.h" />
    <ClInclude Include="SourceCode\00_Game\10_Object\10_MeshObject\00_Character\00_Player\State\20_Combat\00_AttackCombo_0\AttackCombo_0.h" />
    <ClInclude Include="SourceCode\00_Game\10_Object\10_MeshObject\00_Character\00_Player\State\20_Combat\10_AttackCombo_1\AttackCombo_1.h" />
    <ClInclude Include="SourceCode\00_Game\10_Object\10_MeshObject\00_Character\00_Player\State\20_Combat\20_AttackCombo_2\AttackCombo_2.h" />
    <ClInclude Include="SourceCode\00_Game\10_Object\10_MeshObject\00_Character\00_Player\State\20_Combat\30_Parry\Parry.h" />
    <ClInclude Include="SourceCode\00_Game\10_Object\10_MeshObject\00_Character\00_Player\State\30_Dodge\Dodge.h" />
    <ClInclude Include="SourceCode\00_Game\10_Object\10_MeshObject\00_Character\00_Player\State\30_Dodge\00_DodgeExecute\DodgeExecute.h" />
    <ClInclude Include="SourceCode\00_Game\10_Object\10_MeshObject\00_Character\00_Player\State\40_KnockBack\KnockBack.h" />
    <ClInclude Include="SourceCode\00_Game\10_Object\10_MeshObject\00_Character\10_Enemy\Enemy.h" />
    <ClInclude Include="SourceCode\00_Game\10_Object\10_MeshObject\00_Character\10_Enemy\State\EnemyStateID.h" />
    <ClInclude Include="SourceCode\00_Game\10_Object\10_MeshObject\00_Character\10_Enemy\State\EnemyStateBase.h" />
    <ClInclude Include="SourceCode\00_Game\10_Object\10_MeshObject\00_Character\10_Enemy\State\00_Idle\Idle.h" />
    <ClInclude Include="SourceCode\00_Game\10_Object\10_MeshObject\00_Character\10_Enemy\State\10_Chase\Chase.h" />
    <ClInclude Include="SourceCode\00_Game\10_Object\10_MeshObject\00_Character\10_Enemy\State\20_Attack\Attack.h" />
    <ClInclude Include="SourceCode\00_Game\10_Object\10_MeshObject\00_Character\10_Enemy\State\30_Dead\Dead.h" />
    <ClInclude Include="SourceCode\00_Game\10_Object\10_MeshObject\00_Character\20_Boss\Boss.h" />
    <ClInclude Include="SourceCode\00_Game\10_Object\10_MeshObject\00_Character\20_Boss\State\BossStateID.h" />
    <ClInclude Include="SourceCode\00_Game\10_Object\10_MeshObject\00_Character\20_Boss\State\BossStateBase.h" />
    <ClInclude Include="SourceCode\00_Game\10_Object\10_MeshObject\00_Character\20_Boss\State\00_Idle\Idle.h" />
    <ClInclude Include="SourceCode\00_Game\10_Object\10_MeshObject\00_Character\20_Boss\State\10_Move\Move.h" />
    <ClInclude Include="SourceCode\00_Game\10_Object\10_MeshObject\00_Character\20_Boss\State\20_Attack\Attack.h" />
    <ClInclude Include="SourceCode\00_Game\10_Object\10_MeshObject\00_Character\20_Boss\State\21_Attack2\Attack2.h" />
    <ClInclude Include="SourceCode\00_Game\10_Object\10_MeshObject\00_Character\20_Boss\State\22_BeamAttack\BeamAttack.h">
      <Filter>SourceCode\00_Game\10_Object\10_MeshObject\00_Character\20_Boss</Filter>
    </ClInclude>
    <ClInclude Include="SourceCode\00_Game\10_Object\10_MeshObject\00_Character\20_Boss\State\23_JumpAttack\JumpAttack.h">
      <Filter>SourceCode\00_Game\10_Object\10_MeshObject\00_Character\20_Boss</Filter>
    </ClInclude>
    <ClInclude Include="SourceCode\00_Game\10_Object\10_MeshObject\00_Character\20_Boss\State\24_SpinAttack\SpinAttack.h">
      <Filter>SourceCode\00_Game\10_Object\10_MeshObject\00_Character\20_Boss</Filter>
    </ClInclude>
    <ClInclude Include="SourceCode\00_Game\10_Object\10_MeshObject\00_Character\20_Boss\State\30_Dead\Dead.h" />
    <ClInclude Include="SourceCode\00_Game\10_Object\10_MeshObject\00_Character\20_Boss\State\40_ParryReaction\ParryReaction.h" />
    <ClInclude Include="SourceCode\00_Game\60_Combat\CombatCoordinator.h" />
    <ClInclude Include="SourceCode\00_Game\70_Physics\PhysicsBody.h" />
    <ClInclude Include="SourceCode\00_Game\80_CutScene\CutSceneData.h" />
    <ClInclude Include="SourceCode\00_Game\80_CutScene\CutScenePlayer.h" />
    <ClInclude Include="SourceCode\99_Utility\Debug\Imgui\CutSceneEditor.h" />
    <ClInclude Include="SourceCode\99_Utility\Debug\Imgui\LevelEditor.h" />
    <ClInclude Include="SourceCode\00_Game\60_Combat\BossCombatView.h" />
    <ClInclude Include="SourceCode\00_Game\60_Combat\PlayerCombatView.h" />
    <ClInclude Include="Data\Library\ImGui\imgui.h" />
    <ClInclude Include="Data\Library\ImGui\imgui_internal.h" />
    <ClInclude Include="Data\Library\ImGui\imstb_rectpack.h" />
    <ClInclude Include="Data\Library\ImGui\imstb_textedit.h" />
    <ClInclude Include="Data\Library\ImGui\imstb_truetype.h" />
    <ClInclude Include="Data\Library\ImGui\imconfig.h" />
    <ClInclude Include="Data\Library\ImGui\imgui_impl_win32.h" />
    <ClInclude Include="Data\Library\ImGui\imgui_impl_dx12.h" />
  </ItemGroup>
  <ItemGroup>
    <ClCompile Include="SourceCode\99_Utility\Debug\DebugKey\KeyDebbuger.cpp" />
    <ClCompile Include="SourceCode\10_Ggraphic\20_Render\Particle\ParticleSystem.cpp" />
    <ClCompile Include="SourceCode\99_Utility\Debug\Imgui\CombatDebugHud.cpp" />
    <ClCompile Include="SourceCode\99_Utility\Profiling\Profiler.cpp" />
    <ClCompile Include="SourceCode\00_Game\00_Scene\SceneManager.cpp" />
    <ClCompile Include="SourceCode\stdafx.cpp">
      <Filter>SourceCode\Common</Filter>
    </ClCompile>
    <ClCompile Include="SourceCode\99_Utility\String\String.cpp">
      <Filter>SourceCode\Utility\String</Filter>
    </ClCompile>
    <ClCompile Include="SourceCode\99_Utility\FileManager\FileManager.cpp" />
    <ClCompile Include="SourceCode\99_Utility\Sound\SoundManager.cpp" />
    <ClCompile Include="SourceCode\99_Utility\Serialization\SaveLoadManager.cpp" />
    <ClCompile Include="SourceCode\99_Utility\Debug\Imgui\EditorFramework\EditorCommandStack.cpp" />
    <ClCompile Include="SourceCode\99_Utility\String\FilePath\FilePath.inl" />
    <ClCompile Include="SourceCode\10_Ggraphic\10_Device\DirectX\DirectX12.cpp" />
    <ClCompile Include="SourceCode\10_Ggraphic\90_Legacy\PMD\PMDActor.cpp" />
    <ClCompile Include="SourceCode\10_Ggraphic\90_Legacy\PMD\PMDRenderer.cpp" />
    <ClCompile Include="SourceCode\10_Ggraphic\90_Legacy\PMX\PMXActor.cpp" />
    <ClCompile Include="SourceCode\10_Ggraphic\90_Legacy\PMX\PMXMesh.cpp" />
    <ClCompile Include="SourceCode\10_Ggraphic\90_Legacy\PMX\AnimationClipTable.cpp" />
    <ClCompile Include="SourceCode\10_Ggraphic\30_Asset\RuntimeModel\MMdl\MmdlRenderer.cpp" />
    <ClCompile Include="SourceCode\10_Ggraphic\30_Asset\RuntimeModel\Mstc\MstcRenderer.cpp" />
    <ClCompile Include="SourceCode\10_Ggraphic\30_Asset\RuntimeModel\Mstc\MstcActor.cpp" />
    <ClCompile Include="SourceCode\10_Ggraphic\30_Asset\RuntimeModel\Mstc\MstcMesh.cpp" />
    <ClCompile Include="SourceCode\10_Ggraphic\90_Legacy\PMX\PMXRenderer.cpp" />
    <ClCompile Include="SourceCode\10_Ggraphic\20_Render\Debug\DebugGrid.cpp" />
    <ClCompile Include="SourceCode\10_Ggraphic\20_Render\Debug\DebugColliderRenderer.cpp" />
    <ClCompile Include="SourceCode\10_Ggraphic\20_Render\Light\DirectionLight.cpp" />
    <ClCompile Include="SourceCode\10_Ggraphic\20_Render\Rewind\FrameRewind.cpp" />
    <ClCompile Include="SourceCode\10_Ggraphic\20_Render\Sprite\SpriteRenderer.cpp" />
    <ClCompile Include="SourceCode\10_Ggraphic\20_Render\PostProcess\PostProcessPipeline.cpp" />
    <ClCompile Include="SourceCode\10_Ggraphic\30_Asset\Parser\PMXParser.cpp" />
    <ClCompile Include="SourceCode\10_Ggraphic\30_Asset\Parser\PMDParser.cpp" />
    <ClCompile Include="SourceCode\10_Ggraphic\30_Asset\Parser\XParser.cpp" />
    <ClCompile Include="SourceCode\00_Game\00_GameLoop\Main.cpp" />
    <ClCompile Include="SourceCode\00_Game\00_GameLoop\WinMain.cpp" />
    <ClCompile Include="SourceCode\99_Utility\Buffer\Buffer.cpp" />
    <ClCompile Include="SourceCode\00_Game\00_GameLoop\Time\Time.cpp" />
    <ClCompile Include="SourceCode\20_Resource\ResourceManager\MeshManager\MeshManager.cpp" />
    <ClCompile Include="SourceCode\10_Ggraphic\90_Legacy\PMX\VMD\VMDLoader.cpp" />
    <ClCompile Include="SourceCode\10_Ggraphic\90_Legacy\X\XActor.cpp" />
    <ClCompile Include="SourceCode\10_Ggraphic\90_Legacy\X\XMesh.cpp" />
    <ClCompile Include="SourceCode\10_Ggraphic\30_Asset\RuntimeModel\MMdl\MMdlActor.cpp" />
    <ClCompile Include="SourceCode\10_Ggraphic\30_Asset\RuntimeModel\MMdl\MMdlMesh.cpp" />
	<ClCompile Include="SourceCode\10_Ggraphic\30_Asset\RuntimeModel\MMdl\MMdlResource.cpp" />
    <ClCompile Include="SourceCode\10_Ggraphic\30_Asset\RuntimeFormat\RuntimeFormatIO.cpp" />
    <ClCompile Include="SourceCode\10_Ggraphic\30_Asset\RuntimeFormat\RuntimeConverter.cpp" />
    <ClCompile Include="SourceCode\00_Game\30_Camera\00_Base\CameraBase.cpp" />
    <ClCompile Include="SourceCode\00_Game\30_Camera\10_First\FirstPersonCamera.cpp" />
    <ClCompile Include="SourceCode\00_Game\30_Camera\20_LookAt\LookAtCamera.cpp" />
    <ClCompile Include="SourceCode\00_Game\30_Camera\30_Debug\DebugCamera.cpp" />
    <ClCompile Include="SourceCode\00_Game\30_Camera\40_Third\ThirdPersonCamera.cpp" />
    <ClCompile Include="SourceCode\00_Game\30_Camera\50_Keyframe\KeyframeCamera.cpp" />
    <ClCompile Include="SourceCode\00_Game\30_Camera\60_LockOn\LockOnCamera.cpp" />
    <ClCompile Include="SourceCode\00_Game\30_Camera\99_Manager\CameraManager.cpp" />
    <ClCompile Include="SourceCode\99_Utility\Diagnostics\MemoryLeakDetector.cpp" />
    <ClCompile Include="SourceCode\99_Utility\Diagnostics\CrashDumpHandler.cpp" />
    <ClCompile Include="SourceCode\00_Game\50_Input\XInput\XInput.cpp" />
    <ClCompile Include="SourceCode\00_Game\50_Input\KeyInput\KeyInput.cpp" />
    <ClCompile Include="SourceCode\00_Game\50_Input\Mouse\Mouse.cpp" />
    <ClCompile Include="SourceCode\00_Game\50_Input\Input.cpp" />
    <ClCompile Include="SourceCode\00_Game\50_Input\VirtualPad.cpp" />
    <ClCompile Include="SourceCode\99_Utility\Debug\Imgui\ImGuiManager.cpp" />
    <ClCompile Include="SourceCode\99_Utility\Debug\Imgui\DebugDockSpace.cpp">
      <Filter>SourceCode\99_Utility\Debug\Imgui</Filter>
    </ClCompile>
    <ClCompile Include="SourceCode\99_Utility\Debug\Imgui\DebugHud.cpp" />
    <ClCompile Include="SourceCode\99_Utility\Debug\Imgui\DebugConsole.cpp">
      <Filter>SourceCode\99_Utility\Debug\Imgui</Filter>
    </ClCompile>
    <ClCompile Include="SourceCode\99_Utility\Debug\Imgui\SceneView.cpp">
      <Filter>SourceCode\99_Utility\Debug\Imgui</Filter>
    </ClCompile>
    <ClCompile Include="SourceCode\99_Utility\Debug\Log\DebugLog.cpp">
      <Filter>SourceCode\99_Utility\Debug\Log</Filter>
    </ClCompile>
    <ClCompile Include="SourceCode\99_Utility\Debug\Imgui\ActionTimelineEditor.cpp">
      <Filter>SourceCode\99_Utility\Debug\Imgui</Filter>
    </ClCompile>
    <ClCompile Include="SourceCode\99_Utility\Debug\Imgui\AnimationEditor.cpp" />
    <ClCompile Include="SourceCode\99_Utility\Debug\Imgui\ModelPreviewPanel.cpp" />
    <ClCompile Include="SourceCode\00_Game\00_Scene\00_Base\SceneManager.cpp" />
    <ClCompile Include="SourceCode\00_Game\00_Scene\10_Main\MainScene.cpp" />
    <ClCompile Include="SourceCode\00_Game\00_Scene\Ex_Test\AnimationTuning\AnimationTuningScene.cpp" />
    <ClCompile Include="SourceCode\00_Game\10_Object\00_Base\GameObject.cpp" />
    <ClCompile Include="SourceCode\00_Game\10_Object\10_MeshObject\MeshObject.cpp" />
    <ClCompile Include="SourceCode\99_Utility\BehaviorTree\BTDemoEnemy.cpp" />
    <ClCompile Include="SourceCode\99_Utility\BehaviorTree\BTEditorModel.cpp" />
    <ClCompile Include="SourceCode\99_Utility\HealthSystem\HealthSystem.cpp" />
    <ClCompile Include="SourceCode\00_Game\40_Collision\00_Core\ColliderBase.cpp" />
    <ClCompile Include="SourceCode\00_Game\40_Collision\00_Core\CollisionMath.cpp" />
    <ClCompile Include="SourceCode\00_Game\40_Collision\00_Box\BoxCollider.cpp" />
    <ClCompile Include="SourceCode\00_Game\40_Collision\00_Capsule\CapsuleCollider.cpp" />
    <ClCompile Include="SourceCode\00_Game\40_Collision\10_Sphere\SphereCollider.cpp" />
    <ClCompile Include="SourceCode\00_Game\40_Collision\CollisionDetector.cpp" />
    <ClCompile Include="SourceCode\00_Game\10_Object\10_MeshObject\00_Character\Character.cpp" />
    <ClCompile Include="SourceCode\00_Game\10_Object\10_MeshObject\00_Character\00_Player\Player.cpp" />
    <ClCompile Include="SourceCode\00_Game\10_Object\10_MeshObject\00_Character\00_Player\State\PlayerStateBase.cpp" />
    <ClCompile Include="SourceCode\00_Game\10_Object\10_MeshObject\00_Character\00_Player\State\00_Idle\Idle.cpp" />
    <ClCompile Include="SourceCode\00_Game\10_Object\10_MeshObject\00_Character\00_Player\State\10_Run\Run.cpp" />
    <ClCompile Include="SourceCode\00_Game\10_Object\10_MeshObject\00_Character\00_Player\State\20_Combat\Combat.cpp" />
    <ClCompile Include="SourceCode\00_Game\10_Object\10_MeshObject\00_Character\00_Player\State\20_Combat\00_AttackCombo_0\AttackCombo_0.cpp" />
    <ClCompile Include="SourceCode\00_Game\10_Object\10_MeshObject\00_Character\00_Player\State\20_Combat\10_AttackCombo_1\AttackCombo_1.cpp" />
    <ClCompile Include="SourceCode\00_Game\10_Object\10_MeshObject\00_Character\00_Player\State\20_Combat\20_AttackCombo_2\AttackCombo_2.cpp" />
    <ClCompile Include="SourceCode\00_Game\10_Object\10_MeshObject\00_Character\00_Player\State\20_Combat\30_Parry\Parry.cpp" />
    <ClCompile Include="SourceCode\00_Game\10_Object\10_MeshObject\00_Character\00_Player\State\30_Dodge\Dodge.cpp" />
    <ClCompile Include="SourceCode\00_Game\10_Object\10_MeshObject\00_Character\00_Player\State\30_Dodge\00_DodgeExecute\DodgeExecute.cpp" />
    <ClCompile Include="SourceCode\00_Game\10_Object\10_MeshObject\00_Character\00_Player\State\40_KnockBack\KnockBack.cpp" />
    <ClCompile Include="SourceCode\00_Game\10_Object\10_MeshObject\00_Character\10_Enemy\Enemy.cpp" />
    <ClCompile Include="SourceCode\00_Game\10_Object\10_MeshObject\00_Character\10_Enemy\State\EnemyStateBase.cpp" />
    <ClCompile Include="SourceCode\00_Game\10_Object\10_MeshObject\00_Character\10_Enemy\State\00_Idle\Idle.cpp" />
    <ClCompile Include="SourceCode\00_Game\10_Object\10_MeshObject\00_Character\10_Enemy\State\10_Chase\Chase.cpp" />
    <ClCompile Include="SourceCode\00_Game\10_Object\10_MeshObject\00_Character\10_Enemy\State\20_Attack\Attack.cpp" />
    <ClCompile Include="SourceCode\00_Game\10_Object\10_MeshObject\00_Character\10_Enemy\State\30_Dead\Dead.cpp" />
    <ClCompile Include="SourceCode\00_Game\10_Object\10_MeshObject\00_Character\20_Boss\Boss.cpp" />
    <ClCompile Include="SourceCode\00_Game\10_Object\10_MeshObject\00_Character\20_Boss\State\BossStateBase.cpp" />
    <ClCompile Include="SourceCode\00_Game\10_Object\10_MeshObject\00_Character\20_Boss\State\00_Idle\Idle.cpp" />
    <ClCompile Include="SourceCode\00_Game\10_Object\10_MeshObject\00_Character\20_Boss\State\10_Move\Move.cpp" />
    <ClCompile Include="SourceCode\00_Game\10_Object\10_MeshObject\00_Character\20_Boss\State\20_Attack\Attack.cpp" />
    <ClCompile Include="SourceCode\00_Game\10_Object\10_MeshObject\00_Character\20_Boss\State\21_Attack2\Attack2.cpp">
      <Filter>SourceCode\00_Game\10_Object\10_MeshObject\00_Character\20_Boss</Filter>
    </ClCompile>
    <ClCompile Include="SourceCode\00_Game\10_Object\10_MeshObject\00_Character\20_Boss\State\22_BeamAttack\BeamAttack.cpp">
      <Filter>SourceCode\00_Game\10_Object\10_MeshObject\00_Character\20_Boss</Filter>
    </ClCompile>
    <ClCompile Include="SourceCode\00_Game\10_Object\10_MeshObject\00_Character\20_Boss\State\23_JumpAttack\JumpAttack.cpp">
      <Filter>SourceCode\00_Game\10_Object\10_MeshObject\00_Character\20_Boss</Filter>
    </ClCompile>
    <ClCompile Include="SourceCode\00_Game\10_Object\10_MeshObject\00_Character\20_Boss\State\24_SpinAttack\SpinAttack.cpp">
      <Filter>SourceCode\00_Game\10_Object\10_MeshObject\00_Character\20_Boss</Filter>
    </ClCompile>
    <ClCompile Include="SourceCode\00_Game\10_Object\10_MeshObject\00_Character\20_Boss\State\30_Dead\Dead.cpp" />
    <ClCompile Include="SourceCode\00_Game\10_Object\10_MeshObject\00_Character\20_Boss\State\40_ParryReaction\ParryReaction.cpp" />
    <ClCompile Include="SourceCode\00_Game\60_Combat\CombatCoordinator.cpp" />
    <ClCompile Include="SourceCode\00_Game\70_Physics\PhysicsBody.cpp" />
    <ClCompile Include="SourceCode\00_Game\80_CutScene\CutSceneData.cpp" />
    <ClCompile Include="SourceCode\00_Game\80_CutScene\CutScenePlayer.cpp" />
    <ClCompile Include="SourceCode\99_Utility\Debug\Imgui\CutSceneEditor.cpp" />
    <ClCompile Include="SourceCode\99_Utility\Debug\Imgui\LevelEditor.cpp" />
    <ClCompile Include="SourceCode\00_Game\60_Combat\BossCombatView.cpp" />
    <ClCompile Include="SourceCode\00_Game\60_Combat\PlayerCombatView.cpp" />
    <ClCompile Include="Data\Library\ImGui\imgui.cpp" />
    <ClCompile Include="Data\Library\ImGui\imgui_draw.cpp" />
    <ClCompile Include="Data\Library\ImGui\imgui_widgets.cpp" />
    <ClCompile Include="Data\Library\ImGui\imgui_tables.cpp" />
    <ClCompile Include="Data\Library\ImGui\imgui_demo.cpp" />
    <ClCompile Include="Data\Library\ImGui\imgui_impl_win32.cpp" />
    <ClCompile Include="Data\Library\ImGui\imgui_impl_dx12.cpp" />
  </ItemGroup>
  <ItemGroup>
    <None Include="SourceCode\99_Utility\Math\Math.inl">
      <Filter>SourceCode\Utility\Math</Filter>
    </None>
    <None Include="SourceCode\99_Utility\Assert\Assert.inl">
      <Filter>SourceCode\Utility\Assert</Filter>
    </None>
    <None Include="Data\Shader\BasicShaderHeader.hlsli" />
    <None Include="SourceCode\99_Utility\Math\Easing\Easing.inl" />
    <None Include="SourceCode\10_Ggraphic\20_Render\Shader\BasicShaderHeader.hlsli" />
    <None Include="Directory.Build.targets" />
    <None Include="Directory.Build.props" />
  </ItemGroup>
</Project>

